
Microsoft Visual Studio Solution File, Format Version 12.00
# Visual Studio Version 17
VisualStudioVersion = 17.13.35825.156 d17.13
MinimumVisualStudioVersion = 10.0.40219.1
Project("{54A90642-561A-4BB1-A94E-469ADEE60C69}") = "muzeyonetimi.client", "muzeyonetimi.client\muzeyonetimi.client.esproj", "{482F45D5-BCF9-5CBA-3502-54FFC1A1A41F}"
EndProject
Project("{FAE04EC0-301F-11D3-BF4B-00C04F79EFBC}") = "muzeyonetimi.Server", "muzeyonetimi.Server\muzeyonetimi.Server.csproj", "{EBF79773-6D2D-45B1-A45E-BFBE9C02CAB9}"
EndProject
Global
	GlobalSection(SolutionConfigurationPlatforms) = preSolution
		Debug|Any CPU = Debug|Any CPU
		Release|Any CPU = Release|Any CPU
	EndGlobalSection
	GlobalSection(ProjectConfigurationPlatforms) = postSolution
		{482F45D5-BCF9-5CBA-3502-54FFC1A1A41F}.Debug|Any CPU.ActiveCfg = Debug|Any CPU
		{482F45D5-BCF9-5CBA-3502-54FFC1A1A41F}.Debug|Any CPU.Build.0 = Debug|Any CPU
		{482F45D5-BCF9-5CBA-3502-54FFC1A1A41F}.Debug|Any CPU.Deploy.0 = Debug|Any CPU
		{482F45D5-BCF9-5CBA-3502-54FFC1A1A41F}.Release|Any CPU.ActiveCfg = Release|Any CPU
		{482F45D5-BCF9-5CBA-3502-54FFC1A1A41F}.Release|Any CPU.Build.0 = Release|Any CPU
		{482F45D5-BCF9-5CBA-3502-54FFC1A1A41F}.Release|Any CPU.Deploy.0 = Release|Any CPU
		{EBF79773-6D2D-45B1-A45E-BFBE9C02CAB9}.Debug|Any CPU.ActiveCfg = Debug|Any CPU
		{EBF79773-6D2D-45B1-A45E-BFBE9C02CAB9}.Debug|Any CPU.Build.0 = Debug|Any CPU
		{EBF79773-6D2D-45B1-A45E-BFBE9C02CAB9}.Release|Any CPU.ActiveCfg = Release|Any CPU
		{EBF79773-6D2D-45B1-A45E-BFBE9C02CAB9}.Release|Any CPU.Build.0 = Release|Any CPU
	EndGlobalSection
	GlobalSection(SolutionProperties) = preSolution
		HideSolutionNode = FALSE
	EndGlobalSection
	GlobalSection(ExtensibilityGlobals) = postSolution
		SolutionGuid = {C14D2D16-8186-4286-92C1-5F1FFEDEF40C}
	EndGlobalSection
EndGlobal
